
Microsoft Visual Studio Solution File, Format Version 12.00
# Visual Studio Version 17
VisualStudioVersion = 17.1.32319.34
MinimumVisualStudioVersion = 10.0.40219.1
Project("{FAE04EC0-301F-11D3-BF4B-00C04F79EFBC}") = "AkbilYonetimVeriKatmani", "AkbilYonetimVeriKatmani\AkbilYonetimVeriKatmani.csproj", "{1D9CC04E-D065-48B9-B5D7-5F17A74EF657}"
EndProject
Project("{FAE04EC0-301F-11D3-BF4B-00C04F79EFBC}") = "AkbilYonetimIsKatmani", "AkbilYonetimIsKatmani\AkbilYonetimIsKatmani.csproj", "{5204182B-7D3A-48DD-8426-77413B5DE01E}"
EndProject
Project("{9A19103F-16F7-4668-BE54-9A1E7A4F7556}") = "AkbilYonetim", "AkbilYonetim\AkbilYonetim.csproj", "{B4943C4F-0B2C-4632-BD2C-12DBCBB81819}"
EndProject
Global
	GlobalSection(SolutionConfigurationPlatforms) = preSolution
		Debug|Any CPU = Debug|Any CPU
		Release|Any CPU = Release|Any CPU
	EndGlobalSection
	GlobalSection(ProjectConfigurationPlatforms) = postSolution
		{1D9CC04E-D065-48B9-B5D7-5F17A74EF657}.Debug|Any CPU.ActiveCfg = Debug|Any CPU
		{1D9CC04E-D065-48B9-B5D7-5F17A74EF657}.Debug|Any CPU.Build.0 = Debug|Any CPU
		{1D9CC04E-D065-48B9-B5D7-5F17A74EF657}.Release|Any CPU.ActiveCfg = Release|Any CPU
		{1D9CC04E-D065-48B9-B5D7-5F17A74EF657}.Release|Any CPU.Build.0 = Release|Any CPU
		{5204182B-7D3A-48DD-8426-77413B5DE01E}.Debug|Any CPU.ActiveCfg = Debug|Any CPU
		{5204182B-7D3A-48DD-8426-77413B5DE01E}.Debug|Any CPU.Build.0 = Debug|Any CPU
		{5204182B-7D3A-48DD-8426-77413B5DE01E}.Release|Any CPU.ActiveCfg = Release|Any CPU
		{5204182B-7D3A-48DD-8426-77413B5DE01E}.Release|Any CPU.Build.0 = Release|Any CPU
		{B4943C4F-0B2C-4632-BD2C-12DBCBB81819}.Debug|Any CPU.ActiveCfg = Debug|Any CPU
		{B4943C4F-0B2C-4632-BD2C-12DBCBB81819}.Debug|Any CPU.Build.0 = Debug|Any CPU
		{B4943C4F-0B2C-4632-BD2C-12DBCBB81819}.Release|Any CPU.ActiveCfg = Release|Any CPU
		{B4943C4F-0B2C-4632-BD2C-12DBCBB81819}.Release|Any CPU.Build.0 = Release|Any CPU
	EndGlobalSection
	GlobalSection(SolutionProperties) = preSolution
		HideSolutionNode = FALSE
	EndGlobalSection
	GlobalSection(ExtensibilityGlobals) = postSolution
		SolutionGuid = {4722AB84-8F18-4D8B-B18D-C86DA1B016FB}
	EndGlobalSection
EndGlobal
